{
  "object": {
    "pins": [
      {
        "package": "AppSecurity",
        "repositoryURL": "https://github.com/mobven/AppSecurity.git",
        "state": {
          "branch": "develop",
          "revision": "31f66582335b0127b782669997a5d18b67c55da3",
          "version": null
        }
      },
      {
        "package": "CryptoSwift",
        "repositoryURL": "https://github.com/krzyzanowskim/CryptoSwift.git",
        "state": {
          "branch": "master",
          "revision": "ce8f270c936c8f7ba84a772427ce4e8251920afc",
          "version": null
        }
      }
    ]
  },
  "version": 1
}
