// !$*UTF8*$!
{
   archiveVersion = "1";
   objectVersion = "46";
   objects = {
      "MobKitCore::MobKitCore" = {
         isa = "PBXNativeTarget";
         buildConfigurationList = "OBJ_27";
         buildPhases = (
            "OBJ_30",
            "OBJ_33"
         );
         dependencies = (
         );
         name = "MobKitCore";
         productName = "MobKitCore";
         productReference = "MobKitCore::MobKitCore::Product";
         productType = "com.apple.product-type.framework";
      };
      "MobKitCore::MobKitCore::Product" = {
         isa = "PBXFileReference";
         path = "MobKitCore.framework";
         sourceTree = "BUILT_PRODUCTS_DIR";
      };
      "MobKitCore::MobKitCorePackageTests::ProductTarget" = {
         isa = "PBXAggregateTarget";
         buildConfigurationList = "OBJ_41";
         buildPhases = (
         );
         dependencies = (
            "OBJ_44"
         );
         name = "MobKitCorePackageTests";
         productName = "MobKitCorePackageTests";
      };
      "MobKitCore::MobKitCoreTests" = {
         isa = "PBXNativeTarget";
         buildConfigurationList = "OBJ_46";
         buildPhases = (
            "OBJ_49",
            "OBJ_51"
         );
         dependencies = (
            "OBJ_53"
         );
         name = "MobKitCoreTests";
         productName = "MobKitCoreTests";
         productReference = "MobKitCore::MobKitCoreTests::Product";
         productType = "com.apple.product-type.bundle.unit-test";
      };
      "MobKitCore::MobKitCoreTests::Product" = {
         isa = "PBXFileReference";
         path = "MobKitCoreTests.xctest";
         sourceTree = "BUILT_PRODUCTS_DIR";
      };
      "MobKitCore::SwiftPMPackageDescription" = {
         isa = "PBXNativeTarget";
         buildConfigurationList = "OBJ_35";
         buildPhases = (
            "OBJ_38"
         );
         dependencies = (
         );
         name = "MobKitCorePackageDescription";
         productName = "MobKitCorePackageDescription";
         productType = "com.apple.product-type.framework";
      };
      "OBJ_1" = {
         isa = "PBXProject";
         attributes = {
            LastSwiftMigration = "9999";
            LastUpgradeCheck = "9999";
         };
         buildConfigurationList = "OBJ_2";
         compatibilityVersion = "Xcode 3.2";
         developmentRegion = "en";
         hasScannedForEncodings = "0";
         knownRegions = (
            "en"
         );
         mainGroup = "OBJ_5";
         productRefGroup = "OBJ_14";
         projectDirPath = ".";
         targets = (
            "MobKitCore::MobKitCore",
            "MobKitCore::SwiftPMPackageDescription",
            "MobKitCore::MobKitCorePackageTests::ProductTarget",
            "MobKitCore::MobKitCoreTests"
         );
      };
      "OBJ_10" = {
         isa = "PBXFileReference";
         path = "MobKit.swift";
         sourceTree = "<group>";
      };
      "OBJ_11" = {
         isa = "PBXGroup";
         children = (
            "OBJ_12"
         );
         name = "Tests";
         path = "";
         sourceTree = "SOURCE_ROOT";
      };
      "OBJ_12" = {
         isa = "PBXGroup";
         children = (
            "OBJ_13"
         );
         name = "MobKitCoreTests";
         path = "Tests/MobKitCoreTests";
         sourceTree = "SOURCE_ROOT";
      };
      "OBJ_13" = {
         isa = "PBXFileReference";
         path = "MobKitTests.swift";
         sourceTree = "<group>";
      };
      "OBJ_14" = {
         isa = "PBXGroup";
         children = (
            "MobKitCore::MobKitCore::Product",
            "MobKitCore::MobKitCoreTests::Product"
         );
         name = "Products";
         path = "";
         sourceTree = "BUILT_PRODUCTS_DIR";
      };
      "OBJ_17" = {
         isa = "PBXFileReference";
         path = "xcframework";
         sourceTree = "SOURCE_ROOT";
      };
      "OBJ_18" = {
         isa = "PBXFileReference";
         path = "fastlane";
         sourceTree = "SOURCE_ROOT";
      };
      "OBJ_19" = {
         isa = "PBXFileReference";
         path = "vendor";
         sourceTree = "SOURCE_ROOT";
      };
      "OBJ_2" = {
         isa = "XCConfigurationList";
         buildConfigurations = (
            "OBJ_3",
            "OBJ_4"
         );
         defaultConfigurationIsVisible = "0";
         defaultConfigurationName = "Release";
      };
      "OBJ_20" = {
         isa = "PBXFileReference";
         path = "README.md";
         sourceTree = "<group>";
      };
      "OBJ_21" = {
         isa = "PBXFileReference";
         path = "sonar-project.properties";
         sourceTree = "<group>";
      };
      "OBJ_22" = {
         isa = "PBXFileReference";
         path = "Jenkinsfile";
         sourceTree = "<group>";
      };
      "OBJ_23" = {
         isa = "PBXFileReference";
         path = "Gemfile";
         sourceTree = "<group>";
      };
      "OBJ_24" = {
         isa = "PBXFileReference";
         path = "Gemfile.lock";
         sourceTree = "<group>";
      };
      "OBJ_25" = {
         isa = "PBXFileReference";
         path = "xccov-to-sonarqube-generic.sh";
         sourceTree = "<group>";
      };
      "OBJ_27" = {
         isa = "XCConfigurationList";
         buildConfigurations = (
            "OBJ_28",
            "OBJ_29"
         );
         defaultConfigurationIsVisible = "0";
         defaultConfigurationName = "Release";
      };
      "OBJ_28" = {
         isa = "XCBuildConfiguration";
         buildSettings = {
            ENABLE_TESTABILITY = "YES";
            FRAMEWORK_SEARCH_PATHS = (
               "$(inherited)",
               "$(PLATFORM_DIR)/Developer/Library/Frameworks"
            );
            HEADER_SEARCH_PATHS = (
               "$(inherited)"
            );
            INFOPLIST_FILE = "MobKitCore.xcodeproj/MobKitCore_Info.plist";
            IPHONEOS_DEPLOYMENT_TARGET = "10.0";
            LD_RUNPATH_SEARCH_PATHS = (
               "$(inherited)",
               "$(TOOLCHAIN_DIR)/usr/lib/swift/macosx"
            );
            MACOSX_DEPLOYMENT_TARGET = "10.10";
            OTHER_CFLAGS = (
               "$(inherited)"
            );
            OTHER_LDFLAGS = (
               "$(inherited)"
            );
            OTHER_SWIFT_FLAGS = (
               "$(inherited)"
            );
            PRODUCT_BUNDLE_IDENTIFIER = "MobKitCore";
            PRODUCT_MODULE_NAME = "$(TARGET_NAME:c99extidentifier)";
            PRODUCT_NAME = "$(TARGET_NAME:c99extidentifier)";
            SKIP_INSTALL = "YES";
            SWIFT_ACTIVE_COMPILATION_CONDITIONS = (
               "$(inherited)"
            );
            SWIFT_VERSION = "5.0";
            TARGET_NAME = "MobKitCore";
            TVOS_DEPLOYMENT_TARGET = "9.0";
            WATCHOS_DEPLOYMENT_TARGET = "2.0";
         };
         name = "Debug";
      };
      "OBJ_29" = {
         isa = "XCBuildConfiguration";
         buildSettings = {
            ENABLE_TESTABILITY = "YES";
            FRAMEWORK_SEARCH_PATHS = (
               "$(inherited)",
               "$(PLATFORM_DIR)/Developer/Library/Frameworks"
            );
            HEADER_SEARCH_PATHS = (
               "$(inherited)"
            );
            INFOPLIST_FILE = "MobKitCore.xcodeproj/MobKitCore_Info.plist";
            IPHONEOS_DEPLOYMENT_TARGET = "10.0";
            LD_RUNPATH_SEARCH_PATHS = (
               "$(inherited)",
               "$(TOOLCHAIN_DIR)/usr/lib/swift/macosx"
            );
            MACOSX_DEPLOYMENT_TARGET = "10.10";
            OTHER_CFLAGS = (
               "$(inherited)"
            );
            OTHER_LDFLAGS = (
               "$(inherited)"
            );
            OTHER_SWIFT_FLAGS = (
               "$(inherited)"
            );
            PRODUCT_BUNDLE_IDENTIFIER = "MobKitCore";
            PRODUCT_MODULE_NAME = "$(TARGET_NAME:c99extidentifier)";
            PRODUCT_NAME = "$(TARGET_NAME:c99extidentifier)";
            SKIP_INSTALL = "YES";
            SWIFT_ACTIVE_COMPILATION_CONDITIONS = (
               "$(inherited)"
            );
            SWIFT_VERSION = "5.0";
            TARGET_NAME = "MobKitCore";
            TVOS_DEPLOYMENT_TARGET = "9.0";
            WATCHOS_DEPLOYMENT_TARGET = "2.0";
         };
         name = "Release";
      };
      "OBJ_3" = {
         isa = "XCBuildConfiguration";
         buildSettings = {
            CLANG_ENABLE_OBJC_ARC = "YES";
            COMBINE_HIDPI_IMAGES = "YES";
            COPY_PHASE_STRIP = "NO";
            DEBUG_INFORMATION_FORMAT = "dwarf";
            DYLIB_INSTALL_NAME_BASE = "@rpath";
            ENABLE_NS_ASSERTIONS = "YES";
            GCC_OPTIMIZATION_LEVEL = "0";
            GCC_PREPROCESSOR_DEFINITIONS = (
               "$(inherited)",
               "SWIFT_PACKAGE=1",
               "DEBUG=1"
            );
            MACOSX_DEPLOYMENT_TARGET = "10.10";
            ONLY_ACTIVE_ARCH = "YES";
            OTHER_SWIFT_FLAGS = (
               "$(inherited)",
               "-DXcode"
            );
            PRODUCT_NAME = "$(TARGET_NAME)";
            SDKROOT = "macosx";
            SUPPORTED_PLATFORMS = (
               "macosx",
               "iphoneos",
               "iphonesimulator",
               "appletvos",
               "appletvsimulator",
               "watchos",
               "watchsimulator"
            );
            SWIFT_ACTIVE_COMPILATION_CONDITIONS = (
               "$(inherited)",
               "SWIFT_PACKAGE",
               "DEBUG"
            );
            SWIFT_OPTIMIZATION_LEVEL = "-Onone";
            USE_HEADERMAP = "NO";
         };
         name = "Debug";
      };
      "OBJ_30" = {
         isa = "PBXSourcesBuildPhase";
         files = (
            "OBJ_31",
            "OBJ_32"
         );
      };
      "OBJ_31" = {
         isa = "PBXBuildFile";
         fileRef = "OBJ_9";
      };
      "OBJ_32" = {
         isa = "PBXBuildFile";
         fileRef = "OBJ_10";
      };
      "OBJ_33" = {
         isa = "PBXFrameworksBuildPhase";
         files = (
         );
      };
      "OBJ_35" = {
         isa = "XCConfigurationList";
         buildConfigurations = (
            "OBJ_36",
            "OBJ_37"
         );
         defaultConfigurationIsVisible = "0";
         defaultConfigurationName = "Release";
      };
      "OBJ_36" = {
         isa = "XCBuildConfiguration";
         buildSettings = {
            LD = "/usr/bin/true";
            OTHER_SWIFT_FLAGS = (
               "-swift-version",
               "5",
               "-I",
               "$(TOOLCHAIN_DIR)/usr/lib/swift/pm/4_2",
               "-sdk",
               "/Applications/Xcode.app/Contents/Developer/Platforms/MacOSX.platform/Developer/SDKs/MacOSX10.15.sdk",
               "-package-description-version",
               "5.1.0"
            );
            SWIFT_VERSION = "5.0";
         };
         name = "Debug";
      };
      "OBJ_37" = {
         isa = "XCBuildConfiguration";
         buildSettings = {
            LD = "/usr/bin/true";
            OTHER_SWIFT_FLAGS = (
               "-swift-version",
               "5",
               "-I",
               "$(TOOLCHAIN_DIR)/usr/lib/swift/pm/4_2",
               "-sdk",
               "/Applications/Xcode.app/Contents/Developer/Platforms/MacOSX.platform/Developer/SDKs/MacOSX10.15.sdk",
               "-package-description-version",
               "5.1.0"
            );
            SWIFT_VERSION = "5.0";
         };
         name = "Release";
      };
      "OBJ_38" = {
         isa = "PBXSourcesBuildPhase";
         files = (
            "OBJ_39"
         );
      };
      "OBJ_39" = {
         isa = "PBXBuildFile";
         fileRef = "OBJ_6";
      };
      "OBJ_4" = {
         isa = "XCBuildConfiguration";
         buildSettings = {
            CLANG_ENABLE_OBJC_ARC = "YES";
            COMBINE_HIDPI_IMAGES = "YES";
            COPY_PHASE_STRIP = "YES";
            DEBUG_INFORMATION_FORMAT = "dwarf-with-dsym";
            DYLIB_INSTALL_NAME_BASE = "@rpath";
            GCC_OPTIMIZATION_LEVEL = "s";
            GCC_PREPROCESSOR_DEFINITIONS = (
               "$(inherited)",
               "SWIFT_PACKAGE=1"
            );
            MACOSX_DEPLOYMENT_TARGET = "10.10";
            OTHER_SWIFT_FLAGS = (
               "$(inherited)",
               "-DXcode"
            );
            PRODUCT_NAME = "$(TARGET_NAME)";
            SDKROOT = "macosx";
            SUPPORTED_PLATFORMS = (
               "macosx",
               "iphoneos",
               "iphonesimulator",
               "appletvos",
               "appletvsimulator",
               "watchos",
               "watchsimulator"
            );
            SWIFT_ACTIVE_COMPILATION_CONDITIONS = (
               "$(inherited)",
               "SWIFT_PACKAGE"
            );
            SWIFT_OPTIMIZATION_LEVEL = "-Owholemodule";
            USE_HEADERMAP = "NO";
         };
         name = "Release";
      };
      "OBJ_41" = {
         isa = "XCConfigurationList";
         buildConfigurations = (
            "OBJ_42",
            "OBJ_43"
         );
         defaultConfigurationIsVisible = "0";
         defaultConfigurationName = "Release";
      };
      "OBJ_42" = {
         isa = "XCBuildConfiguration";
         buildSettings = {
         };
         name = "Debug";
      };
      "OBJ_43" = {
         isa = "XCBuildConfiguration";
         buildSettings = {
         };
         name = "Release";
      };
      "OBJ_44" = {
         isa = "PBXTargetDependency";
         target = "MobKitCore::MobKitCoreTests";
      };
      "OBJ_46" = {
         isa = "XCConfigurationList";
         buildConfigurations = (
            "OBJ_47",
            "OBJ_48"
         );
         defaultConfigurationIsVisible = "0";
         defaultConfigurationName = "Release";
      };
      "OBJ_47" = {
         isa = "XCBuildConfiguration";
         buildSettings = {
            CLANG_ENABLE_MODULES = "YES";
            EMBEDDED_CONTENT_CONTAINS_SWIFT = "YES";
            FRAMEWORK_SEARCH_PATHS = (
               "$(inherited)",
               "$(PLATFORM_DIR)/Developer/Library/Frameworks"
            );
            HEADER_SEARCH_PATHS = (
               "$(inherited)"
            );
            INFOPLIST_FILE = "MobKitCore.xcodeproj/MobKitCoreTests_Info.plist";
            IPHONEOS_DEPLOYMENT_TARGET = "14.0";
            LD_RUNPATH_SEARCH_PATHS = (
               "$(inherited)",
               "@loader_path/../Frameworks",
               "@loader_path/Frameworks"
            );
            MACOSX_DEPLOYMENT_TARGET = "10.15";
            OTHER_CFLAGS = (
               "$(inherited)"
            );
            OTHER_LDFLAGS = (
               "$(inherited)"
            );
            OTHER_SWIFT_FLAGS = (
               "$(inherited)"
            );
            SWIFT_ACTIVE_COMPILATION_CONDITIONS = (
               "$(inherited)"
            );
            SWIFT_VERSION = "5.0";
            TARGET_NAME = "MobKitCoreTests";
            TVOS_DEPLOYMENT_TARGET = "9.0";
            WATCHOS_DEPLOYMENT_TARGET = "2.0";
         };
         name = "Debug";
      };
      "OBJ_48" = {
         isa = "XCBuildConfiguration";
         buildSettings = {
            CLANG_ENABLE_MODULES = "YES";
            EMBEDDED_CONTENT_CONTAINS_SWIFT = "YES";
            FRAMEWORK_SEARCH_PATHS = (
               "$(inherited)",
               "$(PLATFORM_DIR)/Developer/Library/Frameworks"
            );
            HEADER_SEARCH_PATHS = (
               "$(inherited)"
            );
            INFOPLIST_FILE = "MobKitCore.xcodeproj/MobKitCoreTests_Info.plist";
            IPHONEOS_DEPLOYMENT_TARGET = "14.0";
            LD_RUNPATH_SEARCH_PATHS = (
               "$(inherited)",
               "@loader_path/../Frameworks",
               "@loader_path/Frameworks"
            );
            MACOSX_DEPLOYMENT_TARGET = "10.15";
            OTHER_CFLAGS = (
               "$(inherited)"
            );
            OTHER_LDFLAGS = (
               "$(inherited)"
            );
            OTHER_SWIFT_FLAGS = (
               "$(inherited)"
            );
            SWIFT_ACTIVE_COMPILATION_CONDITIONS = (
               "$(inherited)"
            );
            SWIFT_VERSION = "5.0";
            TARGET_NAME = "MobKitCoreTests";
            TVOS_DEPLOYMENT_TARGET = "9.0";
            WATCHOS_DEPLOYMENT_TARGET = "2.0";
         };
         name = "Release";
      };
      "OBJ_49" = {
         isa = "PBXSourcesBuildPhase";
         files = (
            "OBJ_50"
         );
      };
      "OBJ_5" = {
         isa = "PBXGroup";
         children = (
            "OBJ_6",
            "OBJ_7",
            "OBJ_11",
            "OBJ_14",
            "OBJ_17",
            "OBJ_18",
            "OBJ_19",
            "OBJ_20",
            "OBJ_21",
            "OBJ_22",
            "OBJ_23",
            "OBJ_24",
            "OBJ_25"
         );
         path = "";
         sourceTree = "<group>";
      };
      "OBJ_50" = {
         isa = "PBXBuildFile";
         fileRef = "OBJ_13";
      };
      "OBJ_51" = {
         isa = "PBXFrameworksBuildPhase";
         files = (
            "OBJ_52"
         );
      };
      "OBJ_52" = {
         isa = "PBXBuildFile";
         fileRef = "MobKitCore::MobKitCore::Product";
      };
      "OBJ_53" = {
         isa = "PBXTargetDependency";
         target = "MobKitCore::MobKitCore";
      };
      "OBJ_6" = {
         isa = "PBXFileReference";
         explicitFileType = "sourcecode.swift";
         path = "Package.swift";
         sourceTree = "<group>";
      };
      "OBJ_7" = {
         isa = "PBXGroup";
         children = (
            "OBJ_8"
         );
         name = "Sources";
         path = "";
         sourceTree = "SOURCE_ROOT";
      };
      "OBJ_8" = {
         isa = "PBXGroup";
         children = (
            "OBJ_9",
            "OBJ_10"
         );
         name = "MobKitCore";
         path = "Sources/MobKitCore";
         sourceTree = "SOURCE_ROOT";
      };
      "OBJ_9" = {
         isa = "PBXFileReference";
         path = "MBComponent.swift";
         sourceTree = "<group>";
      };
   };
   rootObject = "OBJ_1";
}
